// !$*UTF8*$!
{
	archiveVersion = 1;
	classes = {
	};
	objectVersion = 56;
	objects = {

/* Begin PBXBuildFile section */
		521B42FF290C04380045C838 /* README.md in Resources */ = {isa = PBXBuildFile; fileRef = 521B42FE290C04380045C838 /* README.md */; };
		525DAF6E290AB6BA009C2590 /* TesbihApp.swift in Sources */ = {isa = PBXBuildFile; fileRef = 525DAF6D290AB6BA009C2590 /* TesbihApp.swift */; };
		525DAF70290AB6BA009C2590 /* ContentView.swift in Sources */ = {isa = PBXBuildFile; fileRef = 525DAF6F290AB6BA009C2590 /* ContentView.swift */; };
		525DAF72290AB6BA009C2590 /* Assets.xcassets in Resources */ = {isa = PBXBuildFile; fileRef = 525DAF71290AB6BA009C2590 /* Assets.xcassets */; };
		525DAF75290AB6BA009C2590 /* Preview Assets.xcassets in Resources */ = {isa = PBXBuildFile; fileRef = 525DAF74290AB6BA009C2590 /* Preview Assets.xcassets */; };
		525DAF7F290AB6BB009C2590 /* TesbihTests.swift in Sources */ = {isa = PBXBuildFile; fileRef = 525DAF7E290AB6BB009C2590 /* TesbihTests.swift */; };
		525DAF89290AB6BB009C2590 /* TesbihUITests.swift in Sources */ = {isa = PBXBuildFile; fileRef = 525DAF88290AB6BB009C2590 /* TesbihUITests.swift */; };
		525DAF8B290AB6BB009C2590 /* TesbihUITestsLaunchTests.swift in Sources */ = {isa = PBXBuildFile; fileRef = 525DAF8A290AB6BB009C2590 /* TesbihUITestsLaunchTests.swift */; };
/* End PBXBuildFile section */

/* Begin PBXContainerItemProxy section */
		525DAF7B290AB6BB009C2590 /* PBXContainerItemProxy */ = {
			isa = PBXContainerItemProxy;
			containerPortal = 525DAF62290AB6BA009C2590 /* Project object */;
			proxyType = 1;
			remoteGlobalIDString = 525DAF69290AB6BA009C2590;
			remoteInfo = Tesbih;
		};
		525DAF85290AB6BB009C2590 /* PBXContainerItemProxy */ = {
			isa = PBXContainerItemProxy;
			containerPortal = 525DAF62290AB6BA009C2590 /* Project object */;
			proxyType = 1;
			remoteGlobalIDString = 525DAF69290AB6BA009C2590;
			remoteInfo = Tesbih;
		};
/* End PBXContainerItemProxy section */

/* Begin PBXFileReference section */
		521B42FE290C04380045C838 /* README.md */ = {isa = PBXFileReference; lastKnownFileType = net.daringfireball.markdown; path = README.md; sourceTree = "<group>"; };
		525DAF6A290AB6BA009C2590 /* Tesbih.app */ = {isa = PBXFileReference; explicitFileType = wrapper.application; includeInIndex = 0; path = Tesbih.app; sourceTree = BUILT_PRODUCTS_DIR; };
		525DAF6D290AB6BA009C2590 /* TesbihApp.swift */ = {isa = PBXFileReference; lastKnownFileType = sourcecode.swift; path = TesbihApp.swift; sourceTree = "<group>"; };
		525DAF6F290AB6BA009C2590 /* ContentView.swift */ = {isa = PBXFileReference; lastKnownFileType = sourcecode.swift; path = ContentView.swift; sourceTree = "<group>"; };
		525DAF71290AB6BA009C2590 /* Assets.xcassets */ = {isa = PBXFileReference; lastKnownFileType = folder.assetcatalog; path = Assets.xcassets; sourceTree = "<group>"; };
		525DAF74290AB6BA009C2590 /* Preview Assets.xcassets */ = {isa = PBXFileReference; lastKnownFileType = folder.assetcatalog; path = "Preview Assets.xcassets"; sourceTree = "<group>"; };
		525DAF7A290AB6BB009C2590 /* TesbihTests.xctest */ = {isa = PBXFileReference; explicitFileType = wrapper.cfbundle; includeInIndex = 0; path = TesbihTests.xctest; sourceTree = BUILT_PRODUCTS_DIR; };
		525DAF7E290AB6BB009C2590 /* TesbihTests.swift */ = {isa = PBXFileReference; lastKnownFileType = sourcecode.swift; path = TesbihTests.swift; sourceTree = "<group>"; };
		525DAF84290AB6BB009C2590 /* TesbihUITests.xctest */ = {isa = PBXFileReference; explicitFileType = wrapper.cfbundle; includeInIndex = 0; path = TesbihUITests.xctest; sourceTree = BUILT_PRODUCTS_DIR; };
		525DAF88290AB6BB009C2590 /* TesbihUITests.swift */ = {isa = PBXFileReference; lastKnownFileType = sourcecode.swift; path = TesbihUITests.swift; sourceTree = "<group>"; };
		525DAF8A290AB6BB009C2590 /* TesbihUITestsLaunchTests.swift */ = {isa = PBXFileReference; lastKnownFileType = sourcecode.swift; path = TesbihUITestsLaunchTests.swift; sourceTree = "<group>"; };
/* End PBXFileReference section */

/* Begin PBXFrameworksBuildPhase section */
		525DAF67290AB6BA009C2590 /* Frameworks */ = {
			isa = PBXFrameworksBuildPhase;
			buildActionMask = 2147483647;
			files = (
			);
			runOnlyForDeploymentPostprocessing = 0;
		};
		525DAF77290AB6BB009C2590 /* Frameworks */ = {
			isa = PBXFrameworksBuildPhase;
			buildActionMask = 2147483647;
			files = (
			);
			runOnlyForDeploymentPostprocessing = 0;
		};
		525DAF81290AB6BB009C2590 /* Frameworks */ = {
			isa = PBXFrameworksBuildPhase;
			buildActionMask = 2147483647;
			files = (
			);
			runOnlyForDeploymentPostprocessing = 0;
		};
/* End PBXFrameworksBuildPhase section */

/* Begin PBXGroup section */
		525DAF61290AB6BA009C2590 = {
			isa = PBXGroup;
			children = (
				521B42FE290C04380045C838 /* README.md */,
				525DAF6C290AB6BA009C2590 /* Tesbih */,
				525DAF7D290AB6BB009C2590 /* TesbihTests */,
				525DAF87290AB6BB009C2590 /* TesbihUITests */,
				525DAF6B290AB6BA009C2590 /* Products */,
			);
			sourceTree = "<group>";
		};
		525DAF6B290AB6BA009C2590 /* Products */ = {
			isa = PBXGroup;
			children = (
				525DAF6A290AB6BA009C2590 /* Tesbih.app */,
				525DAF7A290AB6BB009C2590 /* TesbihTests.xctest */,
				525DAF84290AB6BB009C2590 /* TesbihUITests.xctest */,
			);
			name = Products;
			sourceTree = "<group>";
		};
		525DAF6C290AB6BA009C2590 /* Tesbih */ = {
			isa = PBXGroup;
			children = (
				525DAF6D290AB6BA009C2590 /* TesbihApp.swift */,
				525DAF6F290AB6BA009C2590 /* ContentView.swift */,
				525DAF71290AB6BA009C2590 /* Assets.xcassets */,
				525DAF73290AB6BA009C2590 /* Preview Content */,
			);
			path = Tesbih;
			sourceTree = "<group>";
		};
		525DAF73290AB6BA009C2590 /* Preview Content */ = {
			isa = PBXGroup;
			children = (
				525DAF74290AB6BA009C2590 /* Preview Assets.xcassets */,
			);
			path = "Preview Content";
			sourceTree = "<group>";
		};
		525DAF7D290AB6BB009C2590 /* TesbihTests */ = {
			isa = PBXGroup;
			children = (
				525DAF7E290AB6BB009C2590 /* TesbihTests.swift */,
			);
			path = TesbihTests;
			sourceTree = "<group>";
		};
		525DAF87290AB6BB009C2590 /* TesbihUITests */ = {
			isa = PBXGroup;
			children = (
				525DAF88290AB6BB009C2590 /* TesbihUITests.swift */,
				525DAF8A290AB6BB009C2590 /* TesbihUITestsLaunchTests.swift */,
			);
			path = TesbihUITests;
			sourceTree = "<group>";
		};
/* End PBXGroup section */

/* Begin PBXNativeTarget section */
		525DAF69290AB6BA009C2590 /* Tesbih */ = {
			isa = PBXNativeTarget;
			buildConfigurationList = 525DAF8E290AB6BB009C2590 /* Build configuration list for PBXNativeTarget "Tesbih" */;
			buildPhases = (
				525DAF66290AB6BA009C2590 /* Sources */,
				525DAF67290AB6BA009C2590 /* Frameworks */,
				525DAF68290AB6BA009C2590 /* Resources */,
			);
			buildRules = (
			);
			dependencies = (
			);
			name = Tesbih;
			productName = Tesbih;
			productReference = 525DAF6A290AB6BA009C2590 /* Tesbih.app */;
			productType = "com.apple.product-type.application";
		};
		525DAF79290AB6BB009C2590 /* TesbihTests */ = {
			isa = PBXNativeTarget;
			buildConfigurationList = 525DAF91290AB6BB009C2590 /* Build configuration list for PBXNativeTarget "TesbihTests" */;
			buildPhases = (
				525DAF76290AB6BB009C2590 /* Sources */,
				525DAF77290AB6BB009C2590 /* Frameworks */,
				525DAF78290AB6BB009C2590 /* Resources */,
			);
			buildRules = (
			);
			dependencies = (
				525DAF7C290AB6BB009C2590 /* PBXTargetDependency */,
			);
			name = TesbihTests;
			productName = TesbihTests;
			productReference = 525DAF7A290AB6BB009C2590 /* TesbihTests.xctest */;
			productType = "com.apple.product-type.bundle.unit-test";
		};
		525DAF83290AB6BB009C2590 /* TesbihUITests */ = {
			isa = PBXNativeTarget;
			buildConfigurationList = 525DAF94290AB6BB009C2590 /* Build configuration list for PBXNativeTarget "TesbihUITests" */;
			buildPhases = (
				525DAF80290AB6BB009C2590 /* Sources */,
				525DAF81290AB6BB009C2590 /* Frameworks */,
				525DAF82290AB6BB009C2590 /* Resources */,
			);
			buildRules = (
			);
			dependencies = (
				525DAF86290AB6BB009C2590 /* PBXTargetDependency */,
			);
			name = TesbihUITests;
			productName = TesbihUITests;
			productReference = 525DAF84290AB6BB009C2590 /* TesbihUITests.xctest */;
			productType = "com.apple.product-type.bundle.ui-testing";
		};
/* End PBXNativeTarget section */

/* Begin PBXProject section */
		525DAF62290AB6BA009C2590 /* Project object */ = {
			isa = PBXProject;
			attributes = {
				BuildIndependentTargetsInParallel = 1;
				LastSwiftUpdateCheck = 1400;
				LastUpgradeCheck = 1400;
				TargetAttributes = {
					525DAF69290AB6BA009C2590 = {
						CreatedOnToolsVersion = 14.0;
					};
					525DAF79290AB6BB009C2590 = {
						CreatedOnToolsVersion = 14.0;
						TestTargetID = 525DAF69290AB6BA009C2590;
					};
					525DAF83290AB6BB009C2590 = {
						CreatedOnToolsVersion = 14.0;
						TestTargetID = 525DAF69290AB6BA009C2590;
					};
				};
			};
			buildConfigurationList = 525DAF65290AB6BA009C2590 /* Build configuration list for PBXProject "Tesbih" */;
			compatibilityVersion = "Xcode 14.0";
			developmentRegion = en;
			hasScannedForEncodings = 0;
			knownRegions = (
				en,
				Base,
			);
			mainGroup = 525DAF61290AB6BA009C2590;
			productRefGroup = 525DAF6B290AB6BA009C2590 /* Products */;
			projectDirPath = "";
			projectRoot = "";
			targets = (
				525DAF69290AB6BA009C2590 /* Tesbih */,
				525DAF79290AB6BB009C2590 /* TesbihTests */,
				525DAF83290AB6BB009C2590 /* TesbihUITests */,
			);
		};
/* End PBXProject section */

/* Begin PBXResourcesBuildPhase section */
		525DAF68290AB6BA009C2590 /* Resources */ = {
			isa = PBXResourcesBuildPhase;
			buildActionMask = 2147483647;
			files = (
				521B42FF290C04380045C838 /* README.md in Resources */,
				525DAF75290AB6BA009C2590 /* Preview Assets.xcassets in Resources */,
				525DAF72290AB6BA009C2590 /* Assets.xcassets in Resources */,
			);
			runOnlyForDeploymentPostprocessing = 0;
		};
		525DAF78290AB6BB009C2590 /* Resources */ = {
			isa = PBXResourcesBuildPhase;
			buildActionMask = 2147483647;
			files = (
			);
			runOnlyForDeploymentPostprocessing = 0;
		};
		525DAF82290AB6BB009C2590 /* Resources */ = {
			isa = PBXResourcesBuildPhase;
			buildActionMask = 2147483647;
			files = (
			);
			runOnlyForDeploymentPostprocessing = 0;
		};
/* End PBXResourcesBuildPhase section */

/* Begin PBXSourcesBuildPhase section */
		525DAF66290AB6BA009C2590 /* Sources */ = {
			isa = PBXSourcesBuildPhase;
			buildActionMask = 2147483647;
			files = (
				525DAF70290AB6BA009C2590 /* ContentView.swift in Sources */,
				525DAF6E290AB6BA009C2590 /* TesbihApp.swift in Sources */,
			);
			runOnlyForDeploymentPostprocessing = 0;
		};
		525DAF76290AB6BB009C2590 /* Sources */ = {
			isa = PBXSourcesBuildPhase;
			buildActionMask = 2147483647;
			files = (
				525DAF7F290AB6BB009C2590 /* TesbihTests.swift in Sources */,
			);
			runOnlyForDeploymentPostprocessing = 0;
		};
		525DAF80290AB6BB009C2590 /* Sources */ = {
			isa = PBXSourcesBuildPhase;
			buildActionMask = 2147483647;
			files = (
				525DAF89290AB6BB009C2590 /* TesbihUITests.swift in Sources */,
				525DAF8B290AB6BB009C2590 /* TesbihUITestsLaunchTests.swift in Sources */,
			);
			runOnlyForDeploymentPostprocessing = 0;
		};
/* End PBXSourcesBuildPhase section */

/* Begin PBXTargetDependency section */
		525DAF7C290AB6BB009C2590 /* PBXTargetDependency */ = {
			isa = PBXTargetDependency;
			target = 525DAF69290AB6BA009C2590 /* Tesbih */;
			targetProxy = 525DAF7B290AB6BB009C2590 /* PBXContainerItemProxy */;
		};
		525DAF86290AB6BB009C2590 /* PBXTargetDependency */ = {
			isa = PBXTargetDependency;
			target = 525DAF69290AB6BA009C2590 /* Tesbih */;
			targetProxy = 525DAF85290AB6BB009C2590 /* PBXContainerItemProxy */;
		};
/* End PBXTargetDependency section */

/* Begin XCBuildConfiguration section */
		525DAF8C290AB6BB009C2590 /* Debug */ = {
			isa = XCBuildConfiguration;
			buildSettings = {
				ALWAYS_SEARCH_USER_PATHS = NO;
				CLANG_ANALYZER_NONNULL = YES;
				CLANG_ANALYZER_NUMBER_OBJECT_CONVERSION = YES_AGGRESSIVE;
				CLANG_CXX_LANGUAGE_STANDARD = "gnu++20";
				CLANG_ENABLE_MODULES = YES;
				CLANG_ENABLE_OBJC_ARC = YES;
				CLANG_ENABLE_OBJC_WEAK = YES;
				CLANG_WARN_BLOCK_CAPTURE_AUTORELEASING = YES;
				CLANG_WARN_BOOL_CONVERSION = YES;
				CLANG_WARN_COMMA = YES;
				CLANG_WARN_CONSTANT_CONVERSION = YES;
				CLANG_WARN_DEPRECATED_OBJC_IMPLEMENTATIONS = YES;
				CLANG_WARN_DIRECT_OBJC_ISA_USAGE = YES_ERROR;
				CLANG_WARN_DOCUMENTATION_COMMENTS = YES;
				CLANG_WARN_EMPTY_BODY = YES;
				CLANG_WARN_ENUM_CONVERSION = YES;
				CLANG_WARN_INFINITE_RECURSION = YES;
				CLANG_WARN_INT_CONVERSION = YES;
				CLANG_WARN_NON_LITERAL_NULL_CONVERSION = YES;
				CLANG_WARN_OBJC_IMPLICIT_RETAIN_SELF = YES;
				CLANG_WARN_OBJC_LITERAL_CONVERSION = YES;
				CLANG_WARN_OBJC_ROOT_CLASS = YES_ERROR;
				CLANG_WARN_QUOTED_INCLUDE_IN_FRAMEWORK_HEADER = YES;
				CLANG_WARN_RANGE_LOOP_ANALYSIS = YES;
				CLANG_WARN_STRICT_PROTOTYPES = YES;
				CLANG_WARN_SUSPICIOUS_MOVE = YES;
				CLANG_WARN_UNGUARDED_AVAILABILITY = YES_AGGRESSIVE;
				CLANG_WARN_UNREACHABLE_CODE = YES;
				CLANG_WARN__DUPLICATE_METHOD_MATCH = YES;
				COPY_PHASE_STRIP = NO;
				DEBUG_INFORMATION_FORMAT = dwarf;
				ENABLE_STRICT_OBJC_MSGSEND = YES;
				ENABLE_TESTABILITY = YES;
				GCC_C_LANGUAGE_STANDARD = gnu11;
				GCC_DYNAMIC_NO_PIC = NO;
				GCC_NO_COMMON_BLOCKS = YES;
				GCC_OPTIMIZATION_LEVEL = 0;
				GCC_PREPROCESSOR_DEFINITIONS = (
					"DEBUG=1",
					"$(inherited)",
				);
				GCC_WARN_64_TO_32_BIT_CONVERSION = YES;
				GCC_WARN_ABOUT_RETURN_TYPE = YES_ERROR;
				GCC_WARN_UNDECLARED_SELECTOR = YES;
				GCC_WARN_UNINITIALIZED_AUTOS = YES_AGGRESSIVE;
				GCC_WARN_UNUSED_FUNCTION = YES;
				GCC_WARN_UNUSED_VARIABLE = YES;
				IPHONEOS_DEPLOYMENT_TARGET = 16.0;
				MTL_ENABLE_DEBUG_INFO = INCLUDE_SOURCE;
				MTL_FAST_MATH = YES;
				ONLY_ACTIVE_ARCH = YES;
				SDKROOT = iphoneos;
				SWIFT_ACTIVE_COMPILATION_CONDITIONS = DEBUG;
				SWIFT_OPTIMIZATION_LEVEL = "-Onone";
			};
			name = Debug;
		};
		525DAF8D290AB6BB009C2590 /* Release */ = {
			isa = XCBuildConfiguration;
			buildSettings = {
				ALWAYS_SEARCH_USER_PATHS = NO;
				CLANG_ANALYZER_NONNULL = YES;
				CLANG_ANALYZER_NUMBER_OBJECT_CONVERSION = YES_AGGRESSIVE;
				CLANG_CXX_LANGUAGE_STANDARD = "gnu++20";
				CLANG_ENABLE_MODULES = YES;
				CLANG_ENABLE_OBJC_ARC = YES;
				CLANG_ENABLE_OBJC_WEAK = YES;
				CLANG_WARN_BLOCK_CAPTURE_AUTORELEASING = YES;
				CLANG_WARN_BOOL_CONVERSION = YES;
				CLANG_WARN_COMMA = YES;
				CLANG_WARN_CONSTANT_CONVERSION = YES;
				CLANG_WARN_DEPRECATED_OBJC_IMPLEMENTATIONS = YES;
				CLANG_WARN_DIRECT_OBJC_ISA_USAGE = YES_ERROR;
				CLANG_WARN_DOCUMENTATION_COMMENTS = YES;
				CLANG_WARN_EMPTY_BODY = YES;
				CLANG_WARN_ENUM_CONVERSION = YES;
				CLANG_WARN_INFINITE_RECURSION = YES;
				CLANG_WARN_INT_CONVERSION = YES;
				CLANG_WARN_NON_LITERAL_NULL_CONVERSION = YES;
				CLANG_WARN_OBJC_IMPLICIT_RETAIN_SELF = YES;
				CLANG_WARN_OBJC_LITERAL_CONVERSION = YES;
				CLANG_WARN_OBJC_ROOT_CLASS = YES_ERROR;
				CLANG_WARN_QUOTED_INCLUDE_IN_FRAMEWORK_HEADER = YES;
				CLANG_WARN_RANGE_LOOP_ANALYSIS = YES;
				CLANG_WARN_STRICT_PROTOTYPES = YES;
				CLANG_WARN_SUSPICIOUS_MOVE = YES;
				CLANG_WARN_UNGUARDED_AVAILABILITY = YES_AGGRESSIVE;
				CLANG_WARN_UNREACHABLE_CODE = YES;
				CLANG_WARN__DUPLICATE_METHOD_MATCH = YES;
				COPY_PHASE_STRIP = NO;
				DEBUG_INFORMATION_FORMAT = "dwarf-with-dsym";
				ENABLE_NS_ASSERTIONS = NO;
				ENABLE_STRICT_OBJC_MSGSEND = YES;
				GCC_C_LANGUAGE_STANDARD = gnu11;
				GCC_NO_COMMON_BLOCKS = YES;
				GCC_WARN_64_TO_32_BIT_CONVERSION = YES;
				GCC_WARN_ABOUT_RETURN_TYPE = YES_ERROR;
				GCC_WARN_UNDECLARED_SELECTOR = YES;
				GCC_WARN_UNINITIALIZED_AUTOS = YES_AGGRESSIVE;
				GCC_WARN_UNUSED_FUNCTION = YES;
				GCC_WARN_UNUSED_VARIABLE = YES;
				IPHONEOS_DEPLOYMENT_TARGET = 16.0;
				MTL_ENABLE_DEBUG_INFO = NO;
				MTL_FAST_MATH = YES;
				SDKROOT = iphoneos;
				SWIFT_COMPILATION_MODE = wholemodule;
				SWIFT_OPTIMIZATION_LEVEL = "-O";
				VALIDATE_PRODUCT = YES;
			};
			name = Release;
		};
		525DAF8F290AB6BB009C2590 /* Debug */ = {
			isa = XCBuildConfiguration;
			buildSettings = {
				ASSETCATALOG_COMPILER_APPICON_NAME = AppIcon;
				ASSETCATALOG_COMPILER_GLOBAL_ACCENT_COLOR_NAME = AccentColor;
				CODE_SIGN_STYLE = Automatic;
				CURRENT_PROJECT_VERSION = 1;
				DEVELOPMENT_ASSET_PATHS = "\"Tesbih/Preview Content\"";
				ENABLE_PREVIEWS = YES;
				GENERATE_INFOPLIST_FILE = YES;
				INFOPLIST_KEY_UIApplicationSceneManifest_Generation = YES;
				INFOPLIST_KEY_UIApplicationSupportsIndirectInputEvents = YES;
				INFOPLIST_KEY_UILaunchScreen_Generation = YES;
				INFOPLIST_KEY_UISupportedInterfaceOrientations_iPad = "UIInterfaceOrientationPortrait UIInterfaceOrientationPortraitUpsideDown UIInterfaceOrientationLandscapeLeft UIInterfaceOrientationLandscapeRight";
				INFOPLIST_KEY_UISupportedInterfaceOrientations_iPhone = "UIInterfaceOrientationPortrait UIInterfaceOrientationLandscapeLeft UIInterfaceOrientationLandscapeRight";
				LD_RUNPATH_SEARCH_PATHS = (
					"$(inherited)",
					"@executable_path/Frameworks",
				);
				MARKETING_VERSION = 1.0;
				PRODUCT_BUNDLE_IDENTIFIER = com.kadirovatabek.Tesbih;
				PRODUCT_NAME = "$(TARGET_NAME)";
				SWIFT_EMIT_LOC_STRINGS = YES;
				SWIFT_VERSION = 5.0;
				TARGETED_DEVICE_FAMILY = "1,2";
			};
			name = Debug;
		};
		525DAF90290AB6BB009C2590 /* Release */ = {
			isa = XCBuildConfiguration;
			buildSettings = {
				ASSETCATALOG_COMPILER_APPICON_NAME = AppIcon;
				ASSETCATALOG_COMPILER_GLOBAL_ACCENT_COLOR_NAME = AccentColor;
				CODE_SIGN_STYLE = Automatic;
				CURRENT_PROJECT_VERSION = 1;
				DEVELOPMENT_ASSET_PATHS = "\"Tesbih/Preview Content\"";
				ENABLE_PREVIEWS = YES;
				GENERATE_INFOPLIST_FILE = YES;
				INFOPLIST_KEY_UIApplicationSceneManifest_Generation = YES;
				INFOPLIST_KEY_UIApplicationSupportsIndirectInputEvents = YES;
				INFOPLIST_KEY_UILaunchScreen_Generation = YES;
				INFOPLIST_KEY_UISupportedInterfaceOrientations_iPad = "UIInterfaceOrientationPortrait UIInterfaceOrientationPortraitUpsideDown UIInterfaceOrientationLandscapeLeft UIInterfaceOrientationLandscapeRight";
				INFOPLIST_KEY_UISupportedInterfaceOrientations_iPhone = "UIInterfaceOrientationPortrait UIInterfaceOrientationLandscapeLeft UIInterfaceOrientationLandscapeRight";
				LD_RUNPATH_SEARCH_PATHS = (
					"$(inherited)",
					"@executable_path/Frameworks",
				);
				MARKETING_VERSION = 1.0;
				PRODUCT_BUNDLE_IDENTIFIER = com.kadirovatabek.Tesbih;
				PRODUCT_NAME = "$(TARGET_NAME)";
				SWIFT_EMIT_LOC_STRINGS = YES;
				SWIFT_VERSION = 5.0;
				TARGETED_DEVICE_FAMILY = "1,2";
			};
			name = Release;
		};
		525DAF92290AB6BB009C2590 /* Debug */ = {
			isa = XCBuildConfiguration;
			buildSettings = {
				ALWAYS_EMBED_SWIFT_STANDARD_LIBRARIES = YES;
				BUNDLE_LOADER = "$(TEST_HOST)";
				CODE_SIGN_STYLE = Automatic;
				CURRENT_PROJECT_VERSION = 1;
				GENERATE_INFOPLIST_FILE = YES;
				IPHONEOS_DEPLOYMENT_TARGET = 16.0;
				MARKETING_VERSION = 1.0;
				PRODUCT_BUNDLE_IDENTIFIER = com.kadirovatabek.TesbihTests;
				PRODUCT_NAME = "$(TARGET_NAME)";
				SWIFT_EMIT_LOC_STRINGS = NO;
				SWIFT_VERSION = 5.0;
				TARGETED_DEVICE_FAMILY = "1,2";
				TEST_HOST = "$(BUILT_PRODUCTS_DIR)/Tesbih.app/$(BUNDLE_EXECUTABLE_FOLDER_PATH)/Tesbih";
			};
			name = Debug;
		};
		525DAF93290AB6BB009C2590 /* Release */ = {
			isa = XCBuildConfiguration;
			buildSettings = {
				ALWAYS_EMBED_SWIFT_STANDARD_LIBRARIES = YES;
				BUNDLE_LOADER = "$(TEST_HOST)";
				CODE_SIGN_STYLE = Automatic;
				CURRENT_PROJECT_VERSION = 1;
				GENERATE_INFOPLIST_FILE = YES;
				IPHONEOS_DEPLOYMENT_TARGET = 16.0;
				MARKETING_VERSION = 1.0;
				PRODUCT_BUNDLE_IDENTIFIER = com.kadirovatabek.TesbihTests;
				PRODUCT_NAME = "$(TARGET_NAME)";
				SWIFT_EMIT_LOC_STRINGS = NO;
				SWIFT_VERSION = 5.0;
				TARGETED_DEVICE_FAMILY = "1,2";
				TEST_HOST = "$(BUILT_PRODUCTS_DIR)/Tesbih.app/$(BUNDLE_EXECUTABLE_FOLDER_PATH)/Tesbih";
			};
			name = Release;
		};
		525DAF95290AB6BB009C2590 /* Debug */ = {
			isa = XCBuildConfiguration;
			buildSettings = {
				ALWAYS_EMBED_SWIFT_STANDARD_LIBRARIES = YES;
				CODE_SIGN_STYLE = Automatic;
				CURRENT_PROJECT_VERSION = 1;
				GENERATE_INFOPLIST_FILE = YES;
				MARKETING_VERSION = 1.0;
				PRODUCT_BUNDLE_IDENTIFIER = com.kadirovatabek.TesbihUITests;
				PRODUCT_NAME = "$(TARGET_NAME)";
				SWIFT_EMIT_LOC_STRINGS = NO;
				SWIFT_VERSION = 5.0;
				TARGETED_DEVICE_FAMILY = "1,2";
				TEST_TARGET_NAME = Tesbih;
			};
			name = Debug;
		};
		525DAF96290AB6BB009C2590 /* Release */ = {
			isa = XCBuildConfiguration;
			buildSettings = {
				ALWAYS_EMBED_SWIFT_STANDARD_LIBRARIES = YES;
				CODE_SIGN_STYLE = Automatic;
				CURRENT_PROJECT_VERSION = 1;
				GENERATE_INFOPLIST_FILE = YES;
				MARKETING_VERSION = 1.0;
				PRODUCT_BUNDLE_IDENTIFIER = com.kadirovatabek.TesbihUITests;
				PRODUCT_NAME = "$(TARGET_NAME)";
				SWIFT_EMIT_LOC_STRINGS = NO;
				SWIFT_VERSION = 5.0;
				TARGETED_DEVICE_FAMILY = "1,2";
				TEST_TARGET_NAME = Tesbih;
			};
			name = Release;
		};
/* End XCBuildConfiguration section */

/* Begin XCConfigurationList section */
		525DAF65290AB6BA009C2590 /* Build configuration list for PBXProject "Tesbih" */ = {
			isa = XCConfigurationList;
			buildConfigurations = (
				525DAF8C290AB6BB009C2590 /* Debug */,
				525DAF8D290AB6BB009C2590 /* Release */,
			);
			defaultConfigurationIsVisible = 0;
			defaultConfigurationName = Release;
		};
		525DAF8E290AB6BB009C2590 /* Build configuration list for PBXNativeTarget "Tesbih" */ = {
			isa = XCConfigurationList;
			buildConfigurations = (
				525DAF8F290AB6BB009C2590 /* Debug */,
				525DAF90290AB6BB009C2590 /* Release */,
			);
			defaultConfigurationIsVisible = 0;
			defaultConfigurationName = Release;
		};
		525DAF91290AB6BB009C2590 /* Build configuration list for PBXNativeTarget "TesbihTests" */ = {
			isa = XCConfigurationList;
			buildConfigurations = (
				525DAF92290AB6BB009C2590 /* Debug */,
				525DAF93290AB6BB009C2590 /* Release */,
			);
			defaultConfigurationIsVisible = 0;
			defaultConfigurationName = Release;
		};
		525DAF94290AB6BB009C2590 /* Build configuration list for PBXNativeTarget "TesbihUITests" */ = {
			isa = XCConfigurationList;
			buildConfigurations = (
				525DAF95290AB6BB009C2590 /* Debug */,
				525DAF96290AB6BB009C2590 /* Release */,
			);
			defaultConfigurationIsVisible = 0;
			defaultConfigurationName = Release;
		};
/* End XCConfigurationList section */
	};
	rootObject = 525DAF62290AB6BA009C2590 /* Project object */;
}
